
Microsoft Visual Studio Solution File, Format Version 12.00
# Visual Studio 15
Project("{FAE04EC0-301F-11D3-BF4B-00C04F79EFBC}") = "Homework7Classes", "Homework7Classes\Homework7Classes.csproj", "{792FBA7A-8738-4E06-B0EE-6A043C91DD49}"
EndProject
Global
	GlobalSection(SolutionConfigurationPlatforms) = preSolution
		Debug|Any CPU = Debug|Any CPU
		Release|Any CPU = Release|Any CPU
	EndGlobalSection
	GlobalSection(ProjectConfigurationPlatforms) = postSolution
		{792FBA7A-8738-4E06-B0EE-6A043C91DD49}.Debug|Any CPU.ActiveCfg = Debug|Any CPU
		{792FBA7A-8738-4E06-B0EE-6A043C91DD49}.Debug|Any CPU.Build.0 = Debug|Any CPU
		{792FBA7A-8738-4E06-B0EE-6A043C91DD49}.Release|Any CPU.ActiveCfg = Release|Any CPU
		{792FBA7A-8738-4E06-B0EE-6A043C91DD49}.Release|Any CPU.Build.0 = Release|Any CPU
	EndGlobalSection
EndGlobal
